// !$*UTF8*$!
{
	archiveVersion = 1;
	classes = {
	};
	objectVersion = 50;
	objects = {

/* Begin PBXBuildFile section */
		08002BFD20421B40008CEBD1 /* ProfileViewController.swift in Sources */ = {isa = PBXBuildFile; fileRef = 08002BFC20421B40008CEBD1 /* ProfileViewController.swift */; };
		08002BFF20421BF6008CEBD1 /* CompassView.swift in Sources */ = {isa = PBXBuildFile; fileRef = 08002BFE20421BF6008CEBD1 /* CompassView.swift */; };
		08002C0120422635008CEBD1 /* LocationController.swift in Sources */ = {isa = PBXBuildFile; fileRef = 08002C0020422635008CEBD1 /* LocationController.swift */; };
		08002C0320423925008CEBD1 /* UserController.swift in Sources */ = {isa = PBXBuildFile; fileRef = 08002C0220423925008CEBD1 /* UserController.swift */; };
		088F02AD20426C3E003AAA67 /* LoginViewController.swift in Sources */ = {isa = PBXBuildFile; fileRef = 088F02AC20426C3E003AAA67 /* LoginViewController.swift */; };
		088F02B220426F8C003AAA67 /* MinimalDrop.swift in Sources */ = {isa = PBXBuildFile; fileRef = 088F02B120426F8C003AAA67 /* MinimalDrop.swift */; };
		0898271A204210AE00AFEDAA /* AppDelegate.swift in Sources */ = {isa = PBXBuildFile; fileRef = 08982719204210AE00AFEDAA /* AppDelegate.swift */; };
		0898271C204210AE00AFEDAA /* DropsViewController.swift in Sources */ = {isa = PBXBuildFile; fileRef = 0898271B204210AE00AFEDAA /* DropsViewController.swift */; };
		0898271E204210AE00AFEDAA /* CompassViewController.swift in Sources */ = {isa = PBXBuildFile; fileRef = 0898271D204210AE00AFEDAA /* CompassViewController.swift */; };
		08982721204210AE00AFEDAA /* Main.storyboard in Resources */ = {isa = PBXBuildFile; fileRef = 0898271F204210AE00AFEDAA /* Main.storyboard */; };
		08982723204210B000AFEDAA /* Assets.xcassets in Resources */ = {isa = PBXBuildFile; fileRef = 08982722204210B000AFEDAA /* Assets.xcassets */; };
		08982726204210B000AFEDAA /* LaunchScreen.storyboard in Resources */ = {isa = PBXBuildFile; fileRef = 08982724204210B000AFEDAA /* LaunchScreen.storyboard */; };
		08982731204210B000AFEDAA /* TerraDropTests.swift in Sources */ = {isa = PBXBuildFile; fileRef = 08982730204210B000AFEDAA /* TerraDropTests.swift */; };
		0898273C204210B000AFEDAA /* TerraDropUITests.swift in Sources */ = {isa = PBXBuildFile; fileRef = 0898273B204210B000AFEDAA /* TerraDropUITests.swift */; };
		08D23FA82042939900F0DE58 /* Math.swift in Sources */ = {isa = PBXBuildFile; fileRef = 08D23FA72042939900F0DE58 /* Math.swift */; };
		08D23FAA2042AEBD00F0DE58 /* EditDropViewController.swift in Sources */ = {isa = PBXBuildFile; fileRef = 08D23FA92042AEBD00F0DE58 /* EditDropViewController.swift */; };
		08D23FAC2042DD4200F0DE58 /* DropViewController.swift in Sources */ = {isa = PBXBuildFile; fileRef = 08D23FAB2042DD4200F0DE58 /* DropViewController.swift */; };
		08D23FAE204319B700F0DE58 /* DetailDrop.swift in Sources */ = {isa = PBXBuildFile; fileRef = 08D23FAD204319B700F0DE58 /* DetailDrop.swift */; };
		08D5D42D2042436500F78777 /* ConnectionController.swift in Sources */ = {isa = PBXBuildFile; fileRef = 08D5D42C2042436500F78777 /* ConnectionController.swift */; };
		08D5D42F2042467A00F78777 /* SplashViewController.swift in Sources */ = {isa = PBXBuildFile; fileRef = 08D5D42E2042467A00F78777 /* SplashViewController.swift */; };
		08D5D4312042589F00F78777 /* TabViewController.swift in Sources */ = {isa = PBXBuildFile; fileRef = 08D5D4302042589F00F78777 /* TabViewController.swift */; };
/* End PBXBuildFile section */

/* Begin PBXContainerItemProxy section */
		0898272D204210B000AFEDAA /* PBXContainerItemProxy */ = {
			isa = PBXContainerItemProxy;
			containerPortal = 0898270E204210AE00AFEDAA /* Project object */;
			proxyType = 1;
			remoteGlobalIDString = 08982715204210AE00AFEDAA;
			remoteInfo = TerraDrop;
		};
		08982738204210B000AFEDAA /* PBXContainerItemProxy */ = {
			isa = PBXContainerItemProxy;
			containerPortal = 0898270E204210AE00AFEDAA /* Project object */;
			proxyType = 1;
			remoteGlobalIDString = 08982715204210AE00AFEDAA;
			remoteInfo = TerraDrop;
		};
/* End PBXContainerItemProxy section */

/* Begin PBXFileReference section */
		08002BFC20421B40008CEBD1 /* ProfileViewController.swift */ = {isa = PBXFileReference; lastKnownFileType = sourcecode.swift; path = ProfileViewController.swift; sourceTree = "<group>"; };
		08002BFE20421BF6008CEBD1 /* CompassView.swift */ = {isa = PBXFileReference; lastKnownFileType = sourcecode.swift; path = CompassView.swift; sourceTree = "<group>"; };
		08002C0020422635008CEBD1 /* LocationController.swift */ = {isa = PBXFileReference; lastKnownFileType = sourcecode.swift; path = LocationController.swift; sourceTree = "<group>"; };
		08002C0220423925008CEBD1 /* UserController.swift */ = {isa = PBXFileReference; lastKnownFileType = sourcecode.swift; path = UserController.swift; sourceTree = "<group>"; };
		088F02AC20426C3E003AAA67 /* LoginViewController.swift */ = {isa = PBXFileReference; lastKnownFileType = sourcecode.swift; path = LoginViewController.swift; sourceTree = "<group>"; };
		088F02B120426F8C003AAA67 /* MinimalDrop.swift */ = {isa = PBXFileReference; lastKnownFileType = sourcecode.swift; path = MinimalDrop.swift; sourceTree = "<group>"; };
		08982716204210AE00AFEDAA /* TerraDrop.app */ = {isa = PBXFileReference; explicitFileType = wrapper.application; includeInIndex = 0; path = TerraDrop.app; sourceTree = BUILT_PRODUCTS_DIR; };
		08982719204210AE00AFEDAA /* AppDelegate.swift */ = {isa = PBXFileReference; lastKnownFileType = sourcecode.swift; path = AppDelegate.swift; sourceTree = "<group>"; };
		0898271B204210AE00AFEDAA /* DropsViewController.swift */ = {isa = PBXFileReference; lastKnownFileType = sourcecode.swift; path = DropsViewController.swift; sourceTree = "<group>"; };
		0898271D204210AE00AFEDAA /* CompassViewController.swift */ = {isa = PBXFileReference; lastKnownFileType = sourcecode.swift; path = CompassViewController.swift; sourceTree = "<group>"; };
		08982720204210AE00AFEDAA /* Base */ = {isa = PBXFileReference; lastKnownFileType = file.storyboard; name = Base; path = Base.lproj/Main.storyboard; sourceTree = "<group>"; };
		08982722204210B000AFEDAA /* Assets.xcassets */ = {isa = PBXFileReference; lastKnownFileType = folder.assetcatalog; path = Assets.xcassets; sourceTree = "<group>"; };
		08982725204210B000AFEDAA /* Base */ = {isa = PBXFileReference; lastKnownFileType = file.storyboard; name = Base; path = Base.lproj/LaunchScreen.storyboard; sourceTree = "<group>"; };
		08982727204210B000AFEDAA /* Info.plist */ = {isa = PBXFileReference; lastKnownFileType = text.plist.xml; path = Info.plist; sourceTree = "<group>"; };
		0898272C204210B000AFEDAA /* TerraDropTests.xctest */ = {isa = PBXFileReference; explicitFileType = wrapper.cfbundle; includeInIndex = 0; path = TerraDropTests.xctest; sourceTree = BUILT_PRODUCTS_DIR; };
		08982730204210B000AFEDAA /* TerraDropTests.swift */ = {isa = PBXFileReference; lastKnownFileType = sourcecode.swift; path = TerraDropTests.swift; sourceTree = "<group>"; };
		08982732204210B000AFEDAA /* Info.plist */ = {isa = PBXFileReference; lastKnownFileType = text.plist.xml; path = Info.plist; sourceTree = "<group>"; };
		08982737204210B000AFEDAA /* TerraDropUITests.xctest */ = {isa = PBXFileReference; explicitFileType = wrapper.cfbundle; includeInIndex = 0; path = TerraDropUITests.xctest; sourceTree = BUILT_PRODUCTS_DIR; };
		0898273B204210B000AFEDAA /* TerraDropUITests.swift */ = {isa = PBXFileReference; lastKnownFileType = sourcecode.swift; path = TerraDropUITests.swift; sourceTree = "<group>"; };
		0898273D204210B000AFEDAA /* Info.plist */ = {isa = PBXFileReference; lastKnownFileType = text.plist.xml; path = Info.plist; sourceTree = "<group>"; };
		08D23FA72042939900F0DE58 /* Math.swift */ = {isa = PBXFileReference; lastKnownFileType = sourcecode.swift; path = Math.swift; sourceTree = "<group>"; };
		08D23FA92042AEBD00F0DE58 /* EditDropViewController.swift */ = {isa = PBXFileReference; lastKnownFileType = sourcecode.swift; path = EditDropViewController.swift; sourceTree = "<group>"; };
		08D23FAB2042DD4200F0DE58 /* DropViewController.swift */ = {isa = PBXFileReference; lastKnownFileType = sourcecode.swift; path = DropViewController.swift; sourceTree = "<group>"; };
		08D23FAD204319B700F0DE58 /* DetailDrop.swift */ = {isa = PBXFileReference; lastKnownFileType = sourcecode.swift; path = DetailDrop.swift; sourceTree = "<group>"; };
		08D5D42C2042436500F78777 /* ConnectionController.swift */ = {isa = PBXFileReference; lastKnownFileType = sourcecode.swift; path = ConnectionController.swift; sourceTree = "<group>"; };
		08D5D42E2042467A00F78777 /* SplashViewController.swift */ = {isa = PBXFileReference; lastKnownFileType = sourcecode.swift; path = SplashViewController.swift; sourceTree = "<group>"; };
		08D5D4302042589F00F78777 /* TabViewController.swift */ = {isa = PBXFileReference; lastKnownFileType = sourcecode.swift; path = TabViewController.swift; sourceTree = "<group>"; };
/* End PBXFileReference section */

/* Begin PBXFrameworksBuildPhase section */
		08982713204210AE00AFEDAA /* Frameworks */ = {
			isa = PBXFrameworksBuildPhase;
			buildActionMask = 2147483647;
			files = (
			);
			runOnlyForDeploymentPostprocessing = 0;
		};
		08982729204210B000AFEDAA /* Frameworks */ = {
			isa = PBXFrameworksBuildPhase;
			buildActionMask = 2147483647;
			files = (
			);
			runOnlyForDeploymentPostprocessing = 0;
		};
		08982734204210B000AFEDAA /* Frameworks */ = {
			isa = PBXFrameworksBuildPhase;
			buildActionMask = 2147483647;
			files = (
			);
			runOnlyForDeploymentPostprocessing = 0;
		};
/* End PBXFrameworksBuildPhase section */

/* Begin PBXGroup section */
		088F02AE20426D27003AAA67 /* ViewControllers */ = {
			isa = PBXGroup;
			children = (
				0898271B204210AE00AFEDAA /* DropsViewController.swift */,
				0898271D204210AE00AFEDAA /* CompassViewController.swift */,
				08002BFC20421B40008CEBD1 /* ProfileViewController.swift */,
				08D5D42E2042467A00F78777 /* SplashViewController.swift */,
				08D5D4302042589F00F78777 /* TabViewController.swift */,
				088F02AC20426C3E003AAA67 /* LoginViewController.swift */,
				08D23FA92042AEBD00F0DE58 /* EditDropViewController.swift */,
				08D23FAB2042DD4200F0DE58 /* DropViewController.swift */,
			);
			path = ViewControllers;
			sourceTree = "<group>";
		};
		088F02AF20426D54003AAA67 /* Controllers */ = {
			isa = PBXGroup;
			children = (
				08002C0020422635008CEBD1 /* LocationController.swift */,
				08002C0220423925008CEBD1 /* UserController.swift */,
				08D5D42C2042436500F78777 /* ConnectionController.swift */,
			);
			path = Controllers;
			sourceTree = "<group>";
		};
		088F02B020426D8A003AAA67 /* Views */ = {
			isa = PBXGroup;
			children = (
				08002BFE20421BF6008CEBD1 /* CompassView.swift */,
			);
			path = Views;
			sourceTree = "<group>";
		};
		0898270D204210AE00AFEDAA = {
			isa = PBXGroup;
			children = (
				08982718204210AE00AFEDAA /* TerraDrop */,
				0898272F204210B000AFEDAA /* TerraDropTests */,
				0898273A204210B000AFEDAA /* TerraDropUITests */,
				08982717204210AE00AFEDAA /* Products */,
			);
			sourceTree = "<group>";
		};
		08982717204210AE00AFEDAA /* Products */ = {
			isa = PBXGroup;
			children = (
				08982716204210AE00AFEDAA /* TerraDrop.app */,
				0898272C204210B000AFEDAA /* TerraDropTests.xctest */,
				08982737204210B000AFEDAA /* TerraDropUITests.xctest */,
			);
			name = Products;
			sourceTree = "<group>";
		};
		08982718204210AE00AFEDAA /* TerraDrop */ = {
			isa = PBXGroup;
			children = (
				08982722204210B000AFEDAA /* Assets.xcassets */,
				08982719204210AE00AFEDAA /* AppDelegate.swift */,
				0898271F204210AE00AFEDAA /* Main.storyboard */,
				08982724204210B000AFEDAA /* LaunchScreen.storyboard */,
				088F02AF20426D54003AAA67 /* Controllers */,
				088F02AE20426D27003AAA67 /* ViewControllers */,
				088F02B020426D8A003AAA67 /* Views */,
				08982727204210B000AFEDAA /* Info.plist */,
				088F02B120426F8C003AAA67 /* MinimalDrop.swift */,
				08D23FAD204319B700F0DE58 /* DetailDrop.swift */,
				08D23FA72042939900F0DE58 /* Math.swift */,
			);
			path = TerraDrop;
			sourceTree = "<group>";
		};
		0898272F204210B000AFEDAA /* TerraDropTests */ = {
			isa = PBXGroup;
			children = (
				08982730204210B000AFEDAA /* TerraDropTests.swift */,
				08982732204210B000AFEDAA /* Info.plist */,
			);
			path = TerraDropTests;
			sourceTree = "<group>";
		};
		0898273A204210B000AFEDAA /* TerraDropUITests */ = {
			isa = PBXGroup;
			children = (
				0898273B204210B000AFEDAA /* TerraDropUITests.swift */,
				0898273D204210B000AFEDAA /* Info.plist */,
			);
			path = TerraDropUITests;
			sourceTree = "<group>";
		};
/* End PBXGroup section */

/* Begin PBXNativeTarget section */
		08982715204210AE00AFEDAA /* TerraDrop */ = {
			isa = PBXNativeTarget;
			buildConfigurationList = 08982740204210B000AFEDAA /* Build configuration list for PBXNativeTarget "TerraDrop" */;
			buildPhases = (
				08982712204210AE00AFEDAA /* Sources */,
				08982713204210AE00AFEDAA /* Frameworks */,
				08982714204210AE00AFEDAA /* Resources */,
			);
			buildRules = (
			);
			dependencies = (
			);
			name = TerraDrop;
			productName = TerraDrop;
			productReference = 08982716204210AE00AFEDAA /* TerraDrop.app */;
			productType = "com.apple.product-type.application";
		};
		0898272B204210B000AFEDAA /* TerraDropTests */ = {
			isa = PBXNativeTarget;
			buildConfigurationList = 08982743204210B000AFEDAA /* Build configuration list for PBXNativeTarget "TerraDropTests" */;
			buildPhases = (
				08982728204210B000AFEDAA /* Sources */,
				08982729204210B000AFEDAA /* Frameworks */,
				0898272A204210B000AFEDAA /* Resources */,
			);
			buildRules = (
			);
			dependencies = (
				0898272E204210B000AFEDAA /* PBXTargetDependency */,
			);
			name = TerraDropTests;
			productName = TerraDropTests;
			productReference = 0898272C204210B000AFEDAA /* TerraDropTests.xctest */;
			productType = "com.apple.product-type.bundle.unit-test";
		};
		08982736204210B000AFEDAA /* TerraDropUITests */ = {
			isa = PBXNativeTarget;
			buildConfigurationList = 08982746204210B000AFEDAA /* Build configuration list for PBXNativeTarget "TerraDropUITests" */;
			buildPhases = (
				08982733204210B000AFEDAA /* Sources */,
				08982734204210B000AFEDAA /* Frameworks */,
				08982735204210B000AFEDAA /* Resources */,
			);
			buildRules = (
			);
			dependencies = (
				08982739204210B000AFEDAA /* PBXTargetDependency */,
			);
			name = TerraDropUITests;
			productName = TerraDropUITests;
			productReference = 08982737204210B000AFEDAA /* TerraDropUITests.xctest */;
			productType = "com.apple.product-type.bundle.ui-testing";
		};
/* End PBXNativeTarget section */

/* Begin PBXProject section */
		0898270E204210AE00AFEDAA /* Project object */ = {
			isa = PBXProject;
			attributes = {
				LastSwiftUpdateCheck = 0930;
				LastUpgradeCheck = 0930;
				ORGANIZATIONNAME = "Tommy Stanley";
				TargetAttributes = {
					08982715204210AE00AFEDAA = {
						CreatedOnToolsVersion = 9.3;
					};
					0898272B204210B000AFEDAA = {
						CreatedOnToolsVersion = 9.3;
						TestTargetID = 08982715204210AE00AFEDAA;
					};
					08982736204210B000AFEDAA = {
						CreatedOnToolsVersion = 9.3;
						TestTargetID = 08982715204210AE00AFEDAA;
					};
				};
			};
			buildConfigurationList = 08982711204210AE00AFEDAA /* Build configuration list for PBXProject "TerraDrop" */;
			compatibilityVersion = "Xcode 9.3";
			developmentRegion = en;
			hasScannedForEncodings = 0;
			knownRegions = (
				en,
				Base,
			);
			mainGroup = 0898270D204210AE00AFEDAA;
			productRefGroup = 08982717204210AE00AFEDAA /* Products */;
			projectDirPath = "";
			projectRoot = "";
			targets = (
				08982715204210AE00AFEDAA /* TerraDrop */,
				0898272B204210B000AFEDAA /* TerraDropTests */,
				08982736204210B000AFEDAA /* TerraDropUITests */,
			);
		};
/* End PBXProject section */

/* Begin PBXResourcesBuildPhase section */
		08982714204210AE00AFEDAA /* Resources */ = {
			isa = PBXResourcesBuildPhase;
			buildActionMask = 2147483647;
			files = (
				08982726204210B000AFEDAA /* LaunchScreen.storyboard in Resources */,
				08982723204210B000AFEDAA /* Assets.xcassets in Resources */,
				08982721204210AE00AFEDAA /* Main.storyboard in Resources */,
			);
			runOnlyForDeploymentPostprocessing = 0;
		};
		0898272A204210B000AFEDAA /* Resources */ = {
			isa = PBXResourcesBuildPhase;
			buildActionMask = 2147483647;
			files = (
			);
			runOnlyForDeploymentPostprocessing = 0;
		};
		08982735204210B000AFEDAA /* Resources */ = {
			isa = PBXResourcesBuildPhase;
			buildActionMask = 2147483647;
			files = (
			);
			runOnlyForDeploymentPostprocessing = 0;
		};
/* End PBXResourcesBuildPhase section */

/* Begin PBXSourcesBuildPhase section */
		08982712204210AE00AFEDAA /* Sources */ = {
			isa = PBXSourcesBuildPhase;
			buildActionMask = 2147483647;
			files = (
				0898271E204210AE00AFEDAA /* CompassViewController.swift in Sources */,
				08D23FA82042939900F0DE58 /* Math.swift in Sources */,
				0898271A204210AE00AFEDAA /* AppDelegate.swift in Sources */,
				08D23FAE204319B700F0DE58 /* DetailDrop.swift in Sources */,
				08002BFF20421BF6008CEBD1 /* CompassView.swift in Sources */,
				08D5D42F2042467A00F78777 /* SplashViewController.swift in Sources */,
				08D23FAC2042DD4200F0DE58 /* DropViewController.swift in Sources */,
				08D23FAA2042AEBD00F0DE58 /* EditDropViewController.swift in Sources */,
				088F02B220426F8C003AAA67 /* MinimalDrop.swift in Sources */,
				08002BFD20421B40008CEBD1 /* ProfileViewController.swift in Sources */,
				08002C0320423925008CEBD1 /* UserController.swift in Sources */,
				08D5D42D2042436500F78777 /* ConnectionController.swift in Sources */,
				08002C0120422635008CEBD1 /* LocationController.swift in Sources */,
				08D5D4312042589F00F78777 /* TabViewController.swift in Sources */,
				0898271C204210AE00AFEDAA /* DropsViewController.swift in Sources */,
				088F02AD20426C3E003AAA67 /* LoginViewController.swift in Sources */,
			);
			runOnlyForDeploymentPostprocessing = 0;
		};
		08982728204210B000AFEDAA /* Sources */ = {
			isa = PBXSourcesBuildPhase;
			buildActionMask = 2147483647;
			files = (
				08982731204210B000AFEDAA /* TerraDropTests.swift in Sources */,
			);
			runOnlyForDeploymentPostprocessing = 0;
		};
		08982733204210B000AFEDAA /* Sources */ = {
			isa = PBXSourcesBuildPhase;
			buildActionMask = 2147483647;
			files = (
				0898273C204210B000AFEDAA /* TerraDropUITests.swift in Sources */,
			);
			runOnlyForDeploymentPostprocessing = 0;
		};
/* End PBXSourcesBuildPhase section */

/* Begin PBXTargetDependency section */
		0898272E204210B000AFEDAA /* PBXTargetDependency */ = {
			isa = PBXTargetDependency;
			target = 08982715204210AE00AFEDAA /* TerraDrop */;
			targetProxy = 0898272D204210B000AFEDAA /* PBXContainerItemProxy */;
		};
		08982739204210B000AFEDAA /* PBXTargetDependency */ = {
			isa = PBXTargetDependency;
			target = 08982715204210AE00AFEDAA /* TerraDrop */;
			targetProxy = 08982738204210B000AFEDAA /* PBXContainerItemProxy */;
		};
/* End PBXTargetDependency section */

/* Begin PBXVariantGroup section */
		0898271F204210AE00AFEDAA /* Main.storyboard */ = {
			isa = PBXVariantGroup;
			children = (
				08982720204210AE00AFEDAA /* Base */,
			);
			name = Main.storyboard;
			sourceTree = "<group>";
		};
		08982724204210B000AFEDAA /* LaunchScreen.storyboard */ = {
			isa = PBXVariantGroup;
			children = (
				08982725204210B000AFEDAA /* Base */,
			);
			name = LaunchScreen.storyboard;
			sourceTree = "<group>";
		};
/* End PBXVariantGroup section */

/* Begin XCBuildConfiguration section */
		0898273E204210B000AFEDAA /* Debug */ = {
			isa = XCBuildConfiguration;
			buildSettings = {
				ALWAYS_SEARCH_USER_PATHS = NO;
				CLANG_ANALYZER_NONNULL = YES;
				CLANG_ANALYZER_NUMBER_OBJECT_CONVERSION = YES_AGGRESSIVE;
				CLANG_CXX_LANGUAGE_STANDARD = "gnu++14";
				CLANG_CXX_LIBRARY = "libc++";
				CLANG_ENABLE_MODULES = YES;
				CLANG_ENABLE_OBJC_ARC = YES;
				CLANG_ENABLE_OBJC_WEAK = YES;
				CLANG_WARN_BLOCK_CAPTURE_AUTORELEASING = YES;
				CLANG_WARN_BOOL_CONVERSION = YES;
				CLANG_WARN_COMMA = YES;
				CLANG_WARN_CONSTANT_CONVERSION = YES;
				CLANG_WARN_DEPRECATED_OBJC_IMPLEMENTATIONS = YES;
				CLANG_WARN_DIRECT_OBJC_ISA_USAGE = YES_ERROR;
				CLANG_WARN_DOCUMENTATION_COMMENTS = YES;
				CLANG_WARN_EMPTY_BODY = YES;
				CLANG_WARN_ENUM_CONVERSION = YES;
				CLANG_WARN_INFINITE_RECURSION = YES;
				CLANG_WARN_INT_CONVERSION = YES;
				CLANG_WARN_NON_LITERAL_NULL_CONVERSION = YES;
				CLANG_WARN_OBJC_IMPLICIT_RETAIN_SELF = YES;
				CLANG_WARN_OBJC_LITERAL_CONVERSION = YES;
				CLANG_WARN_OBJC_ROOT_CLASS = YES_ERROR;
				CLANG_WARN_RANGE_LOOP_ANALYSIS = YES;
				CLANG_WARN_STRICT_PROTOTYPES = YES;
				CLANG_WARN_SUSPICIOUS_MOVE = YES;
				CLANG_WARN_UNGUARDED_AVAILABILITY = YES_AGGRESSIVE;
				CLANG_WARN_UNREACHABLE_CODE = YES;
				CLANG_WARN__DUPLICATE_METHOD_MATCH = YES;
				CODE_SIGN_IDENTITY = "iPhone Developer";
				COPY_PHASE_STRIP = NO;
				DEBUG_INFORMATION_FORMAT = dwarf;
				ENABLE_STRICT_OBJC_MSGSEND = YES;
				ENABLE_TESTABILITY = YES;
				GCC_C_LANGUAGE_STANDARD = gnu11;
				GCC_DYNAMIC_NO_PIC = NO;
				GCC_NO_COMMON_BLOCKS = YES;
				GCC_OPTIMIZATION_LEVEL = 0;
				GCC_PREPROCESSOR_DEFINITIONS = (
					"DEBUG=1",
					"$(inherited)",
				);
				GCC_WARN_64_TO_32_BIT_CONVERSION = YES;
				GCC_WARN_ABOUT_RETURN_TYPE = YES_ERROR;
				GCC_WARN_UNDECLARED_SELECTOR = YES;
				GCC_WARN_UNINITIALIZED_AUTOS = YES_AGGRESSIVE;
				GCC_WARN_UNUSED_FUNCTION = YES;
				GCC_WARN_UNUSED_VARIABLE = YES;
				IPHONEOS_DEPLOYMENT_TARGET = 11.3;
				MTL_ENABLE_DEBUG_INFO = YES;
				ONLY_ACTIVE_ARCH = YES;
				SDKROOT = iphoneos;
				SWIFT_ACTIVE_COMPILATION_CONDITIONS = DEBUG;
				SWIFT_OPTIMIZATION_LEVEL = "-Onone";
			};
			name = Debug;
		};
		0898273F204210B000AFEDAA /* Release */ = {
			isa = XCBuildConfiguration;
			buildSettings = {
				ALWAYS_SEARCH_USER_PATHS = NO;
				CLANG_ANALYZER_NONNULL = YES;
				CLANG_ANALYZER_NUMBER_OBJECT_CONVERSION = YES_AGGRESSIVE;
				CLANG_CXX_LANGUAGE_STANDARD = "gnu++14";
				CLANG_CXX_LIBRARY = "libc++";
				CLANG_ENABLE_MODULES = YES;
				CLANG_ENABLE_OBJC_ARC = YES;
				CLANG_ENABLE_OBJC_WEAK = YES;
				CLANG_WARN_BLOCK_CAPTURE_AUTORELEASING = YES;
				CLANG_WARN_BOOL_CONVERSION = YES;
				CLANG_WARN_COMMA = YES;
				CLANG_WARN_CONSTANT_CONVERSION = YES;
				CLANG_WARN_DEPRECATED_OBJC_IMPLEMENTATIONS = YES;
				CLANG_WARN_DIRECT_OBJC_ISA_USAGE = YES_ERROR;
				CLANG_WARN_DOCUMENTATION_COMMENTS = YES;
				CLANG_WARN_EMPTY_BODY = YES;
				CLANG_WARN_ENUM_CONVERSION = YES;
				CLANG_WARN_INFINITE_RECURSION = YES;
				CLANG_WARN_INT_CONVERSION = YES;
				CLANG_WARN_NON_LITERAL_NULL_CONVERSION = YES;
				CLANG_WARN_OBJC_IMPLICIT_RETAIN_SELF = YES;
				CLANG_WARN_OBJC_LITERAL_CONVERSION = YES;
				CLANG_WARN_OBJC_ROOT_CLASS = YES_ERROR;
				CLANG_WARN_RANGE_LOOP_ANALYSIS = YES;
				CLANG_WARN_STRICT_PROTOTYPES = YES;
				CLANG_WARN_SUSPICIOUS_MOVE = YES;
				CLANG_WARN_UNGUARDED_AVAILABILITY = YES_AGGRESSIVE;
				CLANG_WARN_UNREACHABLE_CODE = YES;
				CLANG_WARN__DUPLICATE_METHOD_MATCH = YES;
				CODE_SIGN_IDENTITY = "iPhone Developer";
				COPY_PHASE_STRIP = NO;
				DEBUG_INFORMATION_FORMAT = "dwarf-with-dsym";
				ENABLE_NS_ASSERTIONS = NO;
				ENABLE_STRICT_OBJC_MSGSEND = YES;
				GCC_C_LANGUAGE_STANDARD = gnu11;
				GCC_NO_COMMON_BLOCKS = YES;
				GCC_WARN_64_TO_32_BIT_CONVERSION = YES;
				GCC_WARN_ABOUT_RETURN_TYPE = YES_ERROR;
				GCC_WARN_UNDECLARED_SELECTOR = YES;
				GCC_WARN_UNINITIALIZED_AUTOS = YES_AGGRESSIVE;
				GCC_WARN_UNUSED_FUNCTION = YES;
				GCC_WARN_UNUSED_VARIABLE = YES;
				IPHONEOS_DEPLOYMENT_TARGET = 11.3;
				MTL_ENABLE_DEBUG_INFO = NO;
				SDKROOT = iphoneos;
				SWIFT_COMPILATION_MODE = wholemodule;
				SWIFT_OPTIMIZATION_LEVEL = "-O";
				VALIDATE_PRODUCT = YES;
			};
			name = Release;
		};
		08982741204210B000AFEDAA /* Debug */ = {
			isa = XCBuildConfiguration;
			buildSettings = {
				ASSETCATALOG_COMPILER_APPICON_NAME = AppIcon;
				CODE_SIGN_STYLE = Automatic;
				DEVELOPMENT_TEAM = WVW9YYWLTW;
				INFOPLIST_FILE = TerraDrop/Info.plist;
				LD_RUNPATH_SEARCH_PATHS = (
					"$(inherited)",
					"@executable_path/Frameworks",
				);
				PRODUCT_BUNDLE_IDENTIFIER = self.terradrop.TerraDrop;
				PRODUCT_NAME = "$(TARGET_NAME)";
				SWIFT_VERSION = 4.0;
				TARGETED_DEVICE_FAMILY = "1,2";
			};
			name = Debug;
		};
		08982742204210B000AFEDAA /* Release */ = {
			isa = XCBuildConfiguration;
			buildSettings = {
				ASSETCATALOG_COMPILER_APPICON_NAME = AppIcon;
				CODE_SIGN_STYLE = Automatic;
				DEVELOPMENT_TEAM = WVW9YYWLTW;
				INFOPLIST_FILE = TerraDrop/Info.plist;
				LD_RUNPATH_SEARCH_PATHS = (
					"$(inherited)",
					"@executable_path/Frameworks",
				);
				PRODUCT_BUNDLE_IDENTIFIER = self.terradrop.TerraDrop;
				PRODUCT_NAME = "$(TARGET_NAME)";
				SWIFT_VERSION = 4.0;
				TARGETED_DEVICE_FAMILY = "1,2";
			};
			name = Release;
		};
		08982744204210B000AFEDAA /* Debug */ = {
			isa = XCBuildConfiguration;
			buildSettings = {
				ALWAYS_EMBED_SWIFT_STANDARD_LIBRARIES = YES;
				BUNDLE_LOADER = "$(TEST_HOST)";
				CODE_SIGN_STYLE = Automatic;
				DEVELOPMENT_TEAM = WVW9YYWLTW;
				INFOPLIST_FILE = TerraDropTests/Info.plist;
				LD_RUNPATH_SEARCH_PATHS = (
					"$(inherited)",
					"@executable_path/Frameworks",
					"@loader_path/Frameworks",
				);
				PRODUCT_BUNDLE_IDENTIFIER = self.terradrop.TerraDropTests;
				PRODUCT_NAME = "$(TARGET_NAME)";
				SWIFT_VERSION = 4.0;
				TARGETED_DEVICE_FAMILY = "1,2";
				TEST_HOST = "$(BUILT_PRODUCTS_DIR)/TerraDrop.app/TerraDrop";
			};
			name = Debug;
		};
		08982745204210B000AFEDAA /* Release */ = {
			isa = XCBuildConfiguration;
			buildSettings = {
				ALWAYS_EMBED_SWIFT_STANDARD_LIBRARIES = YES;
				BUNDLE_LOADER = "$(TEST_HOST)";
				CODE_SIGN_STYLE = Automatic;
				DEVELOPMENT_TEAM = WVW9YYWLTW;
				INFOPLIST_FILE = TerraDropTests/Info.plist;
				LD_RUNPATH_SEARCH_PATHS = (
					"$(inherited)",
					"@executable_path/Frameworks",
					"@loader_path/Frameworks",
				);
				PRODUCT_BUNDLE_IDENTIFIER = self.terradrop.TerraDropTests;
				PRODUCT_NAME = "$(TARGET_NAME)";
				SWIFT_VERSION = 4.0;
				TARGETED_DEVICE_FAMILY = "1,2";
				TEST_HOST = "$(BUILT_PRODUCTS_DIR)/TerraDrop.app/TerraDrop";
			};
			name = Release;
		};
		08982747204210B000AFEDAA /* Debug */ = {
			isa = XCBuildConfiguration;
			buildSettings = {
				ALWAYS_EMBED_SWIFT_STANDARD_LIBRARIES = YES;
				CODE_SIGN_STYLE = Automatic;
				DEVELOPMENT_TEAM = WVW9YYWLTW;
				INFOPLIST_FILE = TerraDropUITests/Info.plist;
				LD_RUNPATH_SEARCH_PATHS = (
					"$(inherited)",
					"@executable_path/Frameworks",
					"@loader_path/Frameworks",
				);
				PRODUCT_BUNDLE_IDENTIFIER = self.terradrop.TerraDropUITests;
				PRODUCT_NAME = "$(TARGET_NAME)";
				SWIFT_VERSION = 4.0;
				TARGETED_DEVICE_FAMILY = "1,2";
				TEST_TARGET_NAME = TerraDrop;
			};
			name = Debug;
		};
		08982748204210B000AFEDAA /* Release */ = {
			isa = XCBuildConfiguration;
			buildSettings = {
				ALWAYS_EMBED_SWIFT_STANDARD_LIBRARIES = YES;
				CODE_SIGN_STYLE = Automatic;
				DEVELOPMENT_TEAM = WVW9YYWLTW;
				INFOPLIST_FILE = TerraDropUITests/Info.plist;
				LD_RUNPATH_SEARCH_PATHS = (
					"$(inherited)",
					"@executable_path/Frameworks",
					"@loader_path/Frameworks",
				);
				PRODUCT_BUNDLE_IDENTIFIER = self.terradrop.TerraDropUITests;
				PRODUCT_NAME = "$(TARGET_NAME)";
				SWIFT_VERSION = 4.0;
				TARGETED_DEVICE_FAMILY = "1,2";
				TEST_TARGET_NAME = TerraDrop;
			};
			name = Release;
		};
/* End XCBuildConfiguration section */

/* Begin XCConfigurationList section */
		08982711204210AE00AFEDAA /* Build configuration list for PBXProject "TerraDrop" */ = {
			isa = XCConfigurationList;
			buildConfigurations = (
				0898273E204210B000AFEDAA /* Debug */,
				0898273F204210B000AFEDAA /* Release */,
			);
			defaultConfigurationIsVisible = 0;
			defaultConfigurationName = Release;
		};
		08982740204210B000AFEDAA /* Build configuration list for PBXNativeTarget "TerraDrop" */ = {
			isa = XCConfigurationList;
			buildConfigurations = (
				08982741204210B000AFEDAA /* Debug */,
				08982742204210B000AFEDAA /* Release */,
			);
			defaultConfigurationIsVisible = 0;
			defaultConfigurationName = Release;
		};
		08982743204210B000AFEDAA /* Build configuration list for PBXNativeTarget "TerraDropTests" */ = {
			isa = XCConfigurationList;
			buildConfigurations = (
				08982744204210B000AFEDAA /* Debug */,
				08982745204210B000AFEDAA /* Release */,
			);
			defaultConfigurationIsVisible = 0;
			defaultConfigurationName = Release;
		};
		08982746204210B000AFEDAA /* Build configuration list for PBXNativeTarget "TerraDropUITests" */ = {
			isa = XCConfigurationList;
			buildConfigurations = (
				08982747204210B000AFEDAA /* Debug */,
				08982748204210B000AFEDAA /* Release */,
			);
			defaultConfigurationIsVisible = 0;
			defaultConfigurationName = Release;
		};
/* End XCConfigurationList section */
	};
	rootObject = 0898270E204210AE00AFEDAA /* Project object */;
}
